
Microsoft Visual Studio Solution File, Format Version 12.00
# Visual Studio Version 16
VisualStudioVersion = 16.0.29806.167
MinimumVisualStudioVersion = 10.0.40219.1
Project("{2150E333-8FDC-42A3-9474-1A3956D46DE8}") = "src", "src", "{33CAA56D-65B5-4385-9B0D-944545789044}"
EndProject
Project("{9A19103F-16F7-4668-BE54-9A1E7A4F7556}") = "Forum.Api", "Forum.Api\Forum.Api.csproj", "{4299DAD0-0D70-4D81-96B7-2C82328AD9B6}"
EndProject
Project("{9A19103F-16F7-4668-BE54-9A1E7A4F7556}") = "Forum.Data", "Forum.Data\Forum.Data.csproj", "{045E3C84-BDCC-4366-A97B-0407DC28AE28}"
EndProject
Project("{9A19103F-16F7-4668-BE54-9A1E7A4F7556}") = "Forum.Service", "Forum.Service\Forum.Service.csproj", "{081F5B3B-6152-406F-ACB5-DD886F90446A}"
EndProject
Project("{9A19103F-16F7-4668-BE54-9A1E7A4F7556}") = "Forum.Localization", "Forum.Localization\Forum.Localization.csproj", "{2B064E61-4AA2-4D88-9C0E-A5D1D7FC6DE3}"
EndProject
Project("{9A19103F-16F7-4668-BE54-9A1E7A4F7556}") = "Forum.WebUI", "Forum.WebUI\Forum.WebUI.csproj", "{81835C66-428C-4DC2-A77F-30FDD2DE58A9}"
EndProject
Project("{9A19103F-16F7-4668-BE54-9A1E7A4F7556}") = "CommonModels", "Forum.Models\CommonModels.csproj", "{9850279E-1E55-44DC-9DA3-0DAC36FC7DC6}"
EndProject
Project("{9A19103F-16F7-4668-BE54-9A1E7A4F7556}") = "Jobs", "Forum.Jobs\Jobs.csproj", "{FED8C562-73DF-41BC-81AB-E2BDD09A098F}"
EndProject
Project("{2150E333-8FDC-42A3-9474-1A3956D46DE8}") = "Mobile", "Mobile", "{443A9675-2CFB-407D-B380-8EC65714FA7B}"
EndProject
Project("{FAE04EC0-301F-11D3-BF4B-00C04F79EFBC}") = "Forum.Mobile.Android", "Forum.Mobile\Forum.Mobile.Android\Forum.Mobile.Android.csproj", "{C19373B9-C07A-4C8F-86DB-0CC14D445D3C}"
EndProject
Project("{FAE04EC0-301F-11D3-BF4B-00C04F79EFBC}") = "Forum.Mobile.iOS", "Forum.Mobile\Forum.Mobile.iOS\Forum.Mobile.iOS.csproj", "{81ECE829-62A5-49CD-9066-396CCE8E4DE9}"
EndProject
Project("{9A19103F-16F7-4668-BE54-9A1E7A4F7556}") = "Forum.Mobile", "Forum.Mobile\Forum.Mobile\Forum.Mobile.csproj", "{288FB536-F4C1-4AA4-9DA3-E4594470224A}"
EndProject
Project("{2150E333-8FDC-42A3-9474-1A3956D46DE8}") = "IdentityServer4", "IdentityServer4", "{F6E9F617-EE58-4258-AAF5-BE8514A91E32}"
EndProject
Project("{9A19103F-16F7-4668-BE54-9A1E7A4F7556}") = "IdentityServer", "IdentityServer\IdentityServer.csproj", "{BD09A8DC-DCB1-45A4-AEF6-842D07295391}"
EndProject
Global
	GlobalSection(SolutionConfigurationPlatforms) = preSolution
		Debug|Any CPU = Debug|Any CPU
		Debug|iPhone = Debug|iPhone
		Debug|iPhoneSimulator = Debug|iPhoneSimulator
		Release|Any CPU = Release|Any CPU
		Release|iPhone = Release|iPhone
		Release|iPhoneSimulator = Release|iPhoneSimulator
	EndGlobalSection
	GlobalSection(ProjectConfigurationPlatforms) = postSolution
		{4299DAD0-0D70-4D81-96B7-2C82328AD9B6}.Debug|Any CPU.ActiveCfg = Debug|Any CPU
		{4299DAD0-0D70-4D81-96B7-2C82328AD9B6}.Debug|Any CPU.Build.0 = Debug|Any CPU
		{4299DAD0-0D70-4D81-96B7-2C82328AD9B6}.Debug|iPhone.ActiveCfg = Debug|Any CPU
		{4299DAD0-0D70-4D81-96B7-2C82328AD9B6}.Debug|iPhone.Build.0 = Debug|Any CPU
		{4299DAD0-0D70-4D81-96B7-2C82328AD9B6}.Debug|iPhoneSimulator.ActiveCfg = Debug|Any CPU
		{4299DAD0-0D70-4D81-96B7-2C82328AD9B6}.Debug|iPhoneSimulator.Build.0 = Debug|Any CPU
		{4299DAD0-0D70-4D81-96B7-2C82328AD9B6}.Release|Any CPU.ActiveCfg = Release|Any CPU
		{4299DAD0-0D70-4D81-96B7-2C82328AD9B6}.Release|Any CPU.Build.0 = Release|Any CPU
		{4299DAD0-0D70-4D81-96B7-2C82328AD9B6}.Release|iPhone.ActiveCfg = Release|Any CPU
		{4299DAD0-0D70-4D81-96B7-2C82328AD9B6}.Release|iPhone.Build.0 = Release|Any CPU
		{4299DAD0-0D70-4D81-96B7-2C82328AD9B6}.Release|iPhoneSimulator.ActiveCfg = Release|Any CPU
		{4299DAD0-0D70-4D81-96B7-2C82328AD9B6}.Release|iPhoneSimulator.Build.0 = Release|Any CPU
		{045E3C84-BDCC-4366-A97B-0407DC28AE28}.Debug|Any CPU.ActiveCfg = Debug|Any CPU
		{045E3C84-BDCC-4366-A97B-0407DC28AE28}.Debug|Any CPU.Build.0 = Debug|Any CPU
		{045E3C84-BDCC-4366-A97B-0407DC28AE28}.Debug|iPhone.ActiveCfg = Debug|Any CPU
		{045E3C84-BDCC-4366-A97B-0407DC28AE28}.Debug|iPhone.Build.0 = Debug|Any CPU
		{045E3C84-BDCC-4366-A97B-0407DC28AE28}.Debug|iPhoneSimulator.ActiveCfg = Debug|Any CPU
		{045E3C84-BDCC-4366-A97B-0407DC28AE28}.Debug|iPhoneSimulator.Build.0 = Debug|Any CPU
		{045E3C84-BDCC-4366-A97B-0407DC28AE28}.Release|Any CPU.ActiveCfg = Release|Any CPU
		{045E3C84-BDCC-4366-A97B-0407DC28AE28}.Release|Any CPU.Build.0 = Release|Any CPU
		{045E3C84-BDCC-4366-A97B-0407DC28AE28}.Release|iPhone.ActiveCfg = Release|Any CPU
		{045E3C84-BDCC-4366-A97B-0407DC28AE28}.Release|iPhone.Build.0 = Release|Any CPU
		{045E3C84-BDCC-4366-A97B-0407DC28AE28}.Release|iPhoneSimulator.ActiveCfg = Release|Any CPU
		{045E3C84-BDCC-4366-A97B-0407DC28AE28}.Release|iPhoneSimulator.Build.0 = Release|Any CPU
		{081F5B3B-6152-406F-ACB5-DD886F90446A}.Debug|Any CPU.ActiveCfg = Debug|Any CPU
		{081F5B3B-6152-406F-ACB5-DD886F90446A}.Debug|Any CPU.Build.0 = Debug|Any CPU
		{081F5B3B-6152-406F-ACB5-DD886F90446A}.Debug|iPhone.ActiveCfg = Debug|Any CPU
		{081F5B3B-6152-406F-ACB5-DD886F90446A}.Debug|iPhone.Build.0 = Debug|Any CPU
		{081F5B3B-6152-406F-ACB5-DD886F90446A}.Debug|iPhoneSimulator.ActiveCfg = Debug|Any CPU
		{081F5B3B-6152-406F-ACB5-DD886F90446A}.Debug|iPhoneSimulator.Build.0 = Debug|Any CPU
		{081F5B3B-6152-406F-ACB5-DD886F90446A}.Release|Any CPU.ActiveCfg = Release|Any CPU
		{081F5B3B-6152-406F-ACB5-DD886F90446A}.Release|Any CPU.Build.0 = Release|Any CPU
		{081F5B3B-6152-406F-ACB5-DD886F90446A}.Release|iPhone.ActiveCfg = Release|Any CPU
		{081F5B3B-6152-406F-ACB5-DD886F90446A}.Release|iPhone.Build.0 = Release|Any CPU
		{081F5B3B-6152-406F-ACB5-DD886F90446A}.Release|iPhoneSimulator.ActiveCfg = Release|Any CPU
		{081F5B3B-6152-406F-ACB5-DD886F90446A}.Release|iPhoneSimulator.Build.0 = Release|Any CPU
		{2B064E61-4AA2-4D88-9C0E-A5D1D7FC6DE3}.Debug|Any CPU.ActiveCfg = Debug|Any CPU
		{2B064E61-4AA2-4D88-9C0E-A5D1D7FC6DE3}.Debug|Any CPU.Build.0 = Debug|Any CPU
		{2B064E61-4AA2-4D88-9C0E-A5D1D7FC6DE3}.Debug|iPhone.ActiveCfg = Debug|Any CPU
		{2B064E61-4AA2-4D88-9C0E-A5D1D7FC6DE3}.Debug|iPhone.Build.0 = Debug|Any CPU
		{2B064E61-4AA2-4D88-9C0E-A5D1D7FC6DE3}.Debug|iPhoneSimulator.ActiveCfg = Debug|Any CPU
		{2B064E61-4AA2-4D88-9C0E-A5D1D7FC6DE3}.Debug|iPhoneSimulator.Build.0 = Debug|Any CPU
		{2B064E61-4AA2-4D88-9C0E-A5D1D7FC6DE3}.Release|Any CPU.ActiveCfg = Release|Any CPU
		{2B064E61-4AA2-4D88-9C0E-A5D1D7FC6DE3}.Release|Any CPU.Build.0 = Release|Any CPU
		{2B064E61-4AA2-4D88-9C0E-A5D1D7FC6DE3}.Release|iPhone.ActiveCfg = Release|Any CPU
		{2B064E61-4AA2-4D88-9C0E-A5D1D7FC6DE3}.Release|iPhone.Build.0 = Release|Any CPU
		{2B064E61-4AA2-4D88-9C0E-A5D1D7FC6DE3}.Release|iPhoneSimulator.ActiveCfg = Release|Any CPU
		{2B064E61-4AA2-4D88-9C0E-A5D1D7FC6DE3}.Release|iPhoneSimulator.Build.0 = Release|Any CPU
		{81835C66-428C-4DC2-A77F-30FDD2DE58A9}.Debug|Any CPU.ActiveCfg = Debug|Any CPU
		{81835C66-428C-4DC2-A77F-30FDD2DE58A9}.Debug|Any CPU.Build.0 = Debug|Any CPU
		{81835C66-428C-4DC2-A77F-30FDD2DE58A9}.Debug|iPhone.ActiveCfg = Debug|Any CPU
		{81835C66-428C-4DC2-A77F-30FDD2DE58A9}.Debug|iPhone.Build.0 = Debug|Any CPU
		{81835C66-428C-4DC2-A77F-30FDD2DE58A9}.Debug|iPhoneSimulator.ActiveCfg = Debug|Any CPU
		{81835C66-428C-4DC2-A77F-30FDD2DE58A9}.Debug|iPhoneSimulator.Build.0 = Debug|Any CPU
		{81835C66-428C-4DC2-A77F-30FDD2DE58A9}.Release|Any CPU.ActiveCfg = Release|Any CPU
		{81835C66-428C-4DC2-A77F-30FDD2DE58A9}.Release|Any CPU.Build.0 = Release|Any CPU
		{81835C66-428C-4DC2-A77F-30FDD2DE58A9}.Release|iPhone.ActiveCfg = Release|Any CPU
		{81835C66-428C-4DC2-A77F-30FDD2DE58A9}.Release|iPhone.Build.0 = Release|Any CPU
		{81835C66-428C-4DC2-A77F-30FDD2DE58A9}.Release|iPhoneSimulator.ActiveCfg = Release|Any CPU
		{81835C66-428C-4DC2-A77F-30FDD2DE58A9}.Release|iPhoneSimulator.Build.0 = Release|Any CPU
		{9850279E-1E55-44DC-9DA3-0DAC36FC7DC6}.Debug|Any CPU.ActiveCfg = Debug|Any CPU
		{9850279E-1E55-44DC-9DA3-0DAC36FC7DC6}.Debug|Any CPU.Build.0 = Debug|Any CPU
		{9850279E-1E55-44DC-9DA3-0DAC36FC7DC6}.Debug|iPhone.ActiveCfg = Debug|Any CPU
		{9850279E-1E55-44DC-9DA3-0DAC36FC7DC6}.Debug|iPhone.Build.0 = Debug|Any CPU
		{9850279E-1E55-44DC-9DA3-0DAC36FC7DC6}.Debug|iPhoneSimulator.ActiveCfg = Debug|Any CPU
		{9850279E-1E55-44DC-9DA3-0DAC36FC7DC6}.Debug|iPhoneSimulator.Build.0 = Debug|Any CPU
		{9850279E-1E55-44DC-9DA3-0DAC36FC7DC6}.Release|Any CPU.ActiveCfg = Release|Any CPU
		{9850279E-1E55-44DC-9DA3-0DAC36FC7DC6}.Release|Any CPU.Build.0 = Release|Any CPU
		{9850279E-1E55-44DC-9DA3-0DAC36FC7DC6}.Release|iPhone.ActiveCfg = Release|Any CPU
		{9850279E-1E55-44DC-9DA3-0DAC36FC7DC6}.Release|iPhone.Build.0 = Release|Any CPU
		{9850279E-1E55-44DC-9DA3-0DAC36FC7DC6}.Release|iPhoneSimulator.ActiveCfg = Release|Any CPU
		{9850279E-1E55-44DC-9DA3-0DAC36FC7DC6}.Release|iPhoneSimulator.Build.0 = Release|Any CPU
		{FED8C562-73DF-41BC-81AB-E2BDD09A098F}.Debug|Any CPU.ActiveCfg = Debug|Any CPU
		{FED8C562-73DF-41BC-81AB-E2BDD09A098F}.Debug|Any CPU.Build.0 = Debug|Any CPU
		{FED8C562-73DF-41BC-81AB-E2BDD09A098F}.Debug|iPhone.ActiveCfg = Debug|Any CPU
		{FED8C562-73DF-41BC-81AB-E2BDD09A098F}.Debug|iPhone.Build.0 = Debug|Any CPU
		{FED8C562-73DF-41BC-81AB-E2BDD09A098F}.Debug|iPhoneSimulator.ActiveCfg = Debug|Any CPU
		{FED8C562-73DF-41BC-81AB-E2BDD09A098F}.Debug|iPhoneSimulator.Build.0 = Debug|Any CPU
		{FED8C562-73DF-41BC-81AB-E2BDD09A098F}.Release|Any CPU.ActiveCfg = Release|Any CPU
		{FED8C562-73DF-41BC-81AB-E2BDD09A098F}.Release|Any CPU.Build.0 = Release|Any CPU
		{FED8C562-73DF-41BC-81AB-E2BDD09A098F}.Release|iPhone.ActiveCfg = Release|Any CPU
		{FED8C562-73DF-41BC-81AB-E2BDD09A098F}.Release|iPhone.Build.0 = Release|Any CPU
		{FED8C562-73DF-41BC-81AB-E2BDD09A098F}.Release|iPhoneSimulator.ActiveCfg = Release|Any CPU
		{FED8C562-73DF-41BC-81AB-E2BDD09A098F}.Release|iPhoneSimulator.Build.0 = Release|Any CPU
		{C19373B9-C07A-4C8F-86DB-0CC14D445D3C}.Debug|Any CPU.ActiveCfg = Debug|Any CPU
		{C19373B9-C07A-4C8F-86DB-0CC14D445D3C}.Debug|Any CPU.Build.0 = Debug|Any CPU
		{C19373B9-C07A-4C8F-86DB-0CC14D445D3C}.Debug|Any CPU.Deploy.0 = Debug|Any CPU
		{C19373B9-C07A-4C8F-86DB-0CC14D445D3C}.Debug|iPhone.ActiveCfg = Debug|Any CPU
		{C19373B9-C07A-4C8F-86DB-0CC14D445D3C}.Debug|iPhone.Build.0 = Debug|Any CPU
		{C19373B9-C07A-4C8F-86DB-0CC14D445D3C}.Debug|iPhone.Deploy.0 = Debug|Any CPU
		{C19373B9-C07A-4C8F-86DB-0CC14D445D3C}.Debug|iPhoneSimulator.ActiveCfg = Debug|Any CPU
		{C19373B9-C07A-4C8F-86DB-0CC14D445D3C}.Debug|iPhoneSimulator.Build.0 = Debug|Any CPU
		{C19373B9-C07A-4C8F-86DB-0CC14D445D3C}.Debug|iPhoneSimulator.Deploy.0 = Debug|Any CPU
		{C19373B9-C07A-4C8F-86DB-0CC14D445D3C}.Release|Any CPU.ActiveCfg = Release|Any CPU
		{C19373B9-C07A-4C8F-86DB-0CC14D445D3C}.Release|Any CPU.Build.0 = Release|Any CPU
		{C19373B9-C07A-4C8F-86DB-0CC14D445D3C}.Release|Any CPU.Deploy.0 = Release|Any CPU
		{C19373B9-C07A-4C8F-86DB-0CC14D445D3C}.Release|iPhone.ActiveCfg = Release|Any CPU
		{C19373B9-C07A-4C8F-86DB-0CC14D445D3C}.Release|iPhone.Build.0 = Release|Any CPU
		{C19373B9-C07A-4C8F-86DB-0CC14D445D3C}.Release|iPhone.Deploy.0 = Release|Any CPU
		{C19373B9-C07A-4C8F-86DB-0CC14D445D3C}.Release|iPhoneSimulator.ActiveCfg = Release|Any CPU
		{C19373B9-C07A-4C8F-86DB-0CC14D445D3C}.Release|iPhoneSimulator.Build.0 = Release|Any CPU
		{C19373B9-C07A-4C8F-86DB-0CC14D445D3C}.Release|iPhoneSimulator.Deploy.0 = Release|Any CPU
		{81ECE829-62A5-49CD-9066-396CCE8E4DE9}.Debug|Any CPU.ActiveCfg = Debug|iPhone
		{81ECE829-62A5-49CD-9066-396CCE8E4DE9}.Debug|iPhone.ActiveCfg = Debug|iPhone
		{81ECE829-62A5-49CD-9066-396CCE8E4DE9}.Debug|iPhone.Build.0 = Debug|iPhone
		{81ECE829-62A5-49CD-9066-396CCE8E4DE9}.Debug|iPhoneSimulator.ActiveCfg = Debug|iPhoneSimulator
		{81ECE829-62A5-49CD-9066-396CCE8E4DE9}.Debug|iPhoneSimulator.Build.0 = Debug|iPhoneSimulator
		{81ECE829-62A5-49CD-9066-396CCE8E4DE9}.Release|Any CPU.ActiveCfg = Release|iPhone
		{81ECE829-62A5-49CD-9066-396CCE8E4DE9}.Release|iPhone.ActiveCfg = Release|iPhone
		{81ECE829-62A5-49CD-9066-396CCE8E4DE9}.Release|iPhone.Build.0 = Release|iPhone
		{81ECE829-62A5-49CD-9066-396CCE8E4DE9}.Release|iPhoneSimulator.ActiveCfg = Release|iPhoneSimulator
		{81ECE829-62A5-49CD-9066-396CCE8E4DE9}.Release|iPhoneSimulator.Build.0 = Release|iPhoneSimulator
		{288FB536-F4C1-4AA4-9DA3-E4594470224A}.Debug|Any CPU.ActiveCfg = Debug|Any CPU
		{288FB536-F4C1-4AA4-9DA3-E4594470224A}.Debug|Any CPU.Build.0 = Debug|Any CPU
		{288FB536-F4C1-4AA4-9DA3-E4594470224A}.Debug|iPhone.ActiveCfg = Debug|Any CPU
		{288FB536-F4C1-4AA4-9DA3-E4594470224A}.Debug|iPhone.Build.0 = Debug|Any CPU
		{288FB536-F4C1-4AA4-9DA3-E4594470224A}.Debug|iPhoneSimulator.ActiveCfg = Debug|Any CPU
		{288FB536-F4C1-4AA4-9DA3-E4594470224A}.Debug|iPhoneSimulator.Build.0 = Debug|Any CPU
		{288FB536-F4C1-4AA4-9DA3-E4594470224A}.Release|Any CPU.ActiveCfg = Release|Any CPU
		{288FB536-F4C1-4AA4-9DA3-E4594470224A}.Release|Any CPU.Build.0 = Release|Any CPU
		{288FB536-F4C1-4AA4-9DA3-E4594470224A}.Release|iPhone.ActiveCfg = Release|Any CPU
		{288FB536-F4C1-4AA4-9DA3-E4594470224A}.Release|iPhone.Build.0 = Release|Any CPU
		{288FB536-F4C1-4AA4-9DA3-E4594470224A}.Release|iPhoneSimulator.ActiveCfg = Release|Any CPU
		{288FB536-F4C1-4AA4-9DA3-E4594470224A}.Release|iPhoneSimulator.Build.0 = Release|Any CPU
		{BD09A8DC-DCB1-45A4-AEF6-842D07295391}.Debug|Any CPU.ActiveCfg = Debug|Any CPU
		{BD09A8DC-DCB1-45A4-AEF6-842D07295391}.Debug|Any CPU.Build.0 = Debug|Any CPU
		{BD09A8DC-DCB1-45A4-AEF6-842D07295391}.Debug|iPhone.ActiveCfg = Debug|Any CPU
		{BD09A8DC-DCB1-45A4-AEF6-842D07295391}.Debug|iPhone.Build.0 = Debug|Any CPU
		{BD09A8DC-DCB1-45A4-AEF6-842D07295391}.Debug|iPhoneSimulator.ActiveCfg = Debug|Any CPU
		{BD09A8DC-DCB1-45A4-AEF6-842D07295391}.Debug|iPhoneSimulator.Build.0 = Debug|Any CPU
		{BD09A8DC-DCB1-45A4-AEF6-842D07295391}.Release|Any CPU.ActiveCfg = Release|Any CPU
		{BD09A8DC-DCB1-45A4-AEF6-842D07295391}.Release|Any CPU.Build.0 = Release|Any CPU
		{BD09A8DC-DCB1-45A4-AEF6-842D07295391}.Release|iPhone.ActiveCfg = Release|Any CPU
		{BD09A8DC-DCB1-45A4-AEF6-842D07295391}.Release|iPhone.Build.0 = Release|Any CPU
		{BD09A8DC-DCB1-45A4-AEF6-842D07295391}.Release|iPhoneSimulator.ActiveCfg = Release|Any CPU
		{BD09A8DC-DCB1-45A4-AEF6-842D07295391}.Release|iPhoneSimulator.Build.0 = Release|Any CPU
	EndGlobalSection
	GlobalSection(SolutionProperties) = preSolution
		HideSolutionNode = FALSE
	EndGlobalSection
	GlobalSection(NestedProjects) = preSolution
		{4299DAD0-0D70-4D81-96B7-2C82328AD9B6} = {33CAA56D-65B5-4385-9B0D-944545789044}
		{045E3C84-BDCC-4366-A97B-0407DC28AE28} = {33CAA56D-65B5-4385-9B0D-944545789044}
		{081F5B3B-6152-406F-ACB5-DD886F90446A} = {33CAA56D-65B5-4385-9B0D-944545789044}
		{2B064E61-4AA2-4D88-9C0E-A5D1D7FC6DE3} = {33CAA56D-65B5-4385-9B0D-944545789044}
		{81835C66-428C-4DC2-A77F-30FDD2DE58A9} = {33CAA56D-65B5-4385-9B0D-944545789044}
		{9850279E-1E55-44DC-9DA3-0DAC36FC7DC6} = {33CAA56D-65B5-4385-9B0D-944545789044}
		{FED8C562-73DF-41BC-81AB-E2BDD09A098F} = {33CAA56D-65B5-4385-9B0D-944545789044}
		{443A9675-2CFB-407D-B380-8EC65714FA7B} = {33CAA56D-65B5-4385-9B0D-944545789044}
		{C19373B9-C07A-4C8F-86DB-0CC14D445D3C} = {443A9675-2CFB-407D-B380-8EC65714FA7B}
		{81ECE829-62A5-49CD-9066-396CCE8E4DE9} = {443A9675-2CFB-407D-B380-8EC65714FA7B}
		{288FB536-F4C1-4AA4-9DA3-E4594470224A} = {443A9675-2CFB-407D-B380-8EC65714FA7B}
		{F6E9F617-EE58-4258-AAF5-BE8514A91E32} = {33CAA56D-65B5-4385-9B0D-944545789044}
		{BD09A8DC-DCB1-45A4-AEF6-842D07295391} = {F6E9F617-EE58-4258-AAF5-BE8514A91E32}
	EndGlobalSection
	GlobalSection(ExtensibilityGlobals) = postSolution
		SolutionGuid = {B7FA1FE2-E9B4-4E88-A680-5978DC606AD7}
	EndGlobalSection
EndGlobal
