
Microsoft Visual Studio Solution File, Format Version 12.00
# Visual Studio Version 16
VisualStudioVersion = 16.0.29806.167
MinimumVisualStudioVersion = 10.0.40219.1
Project("{2150E333-8FDC-42A3-9474-1A3956D46DE8}") = "src", "src", "{33CAA56D-65B5-4385-9B0D-944545789044}"
EndProject
Project("{2150E333-8FDC-42A3-9474-1A3956D46DE8}") = "tests", "tests", "{436A4C8F-1B65-491F-A255-66F4391D39F5}"
EndProject
Project("{9A19103F-16F7-4668-BE54-9A1E7A4F7556}") = "Forum.Api", "Forum.Api\Forum.Api.csproj", "{4299DAD0-0D70-4D81-96B7-2C82328AD9B6}"
EndProject
Project("{9A19103F-16F7-4668-BE54-9A1E7A4F7556}") = "Forum.Data", "Forum.Data\Forum.Data.csproj", "{045E3C84-BDCC-4366-A97B-0407DC28AE28}"
EndProject
Project("{9A19103F-16F7-4668-BE54-9A1E7A4F7556}") = "Forum.Service", "Forum.Service\Forum.Service.csproj", "{081F5B3B-6152-406F-ACB5-DD886F90446A}"
EndProject
Project("{9A19103F-16F7-4668-BE54-9A1E7A4F7556}") = "Forum.Localization", "Forum.Localization\Forum.Localization.csproj", "{2B064E61-4AA2-4D88-9C0E-A5D1D7FC6DE3}"
EndProject
Project("{9A19103F-16F7-4668-BE54-9A1E7A4F7556}") = "Forum.WebUI", "Forum.WebUI\Forum.WebUI.csproj", "{81835C66-428C-4DC2-A77F-30FDD2DE58A9}"
EndProject
Project("{9A19103F-16F7-4668-BE54-9A1E7A4F7556}") = "Forum.Models", "Forum.Models\Forum.Models.csproj", "{9850279E-1E55-44DC-9DA3-0DAC36FC7DC6}"
EndProject
Project("{9A19103F-16F7-4668-BE54-9A1E7A4F7556}") = "Forum.Jobs", "Forum.Jobs\Forum.Jobs.csproj", "{CD3E84DF-8287-405D-A919-F4D82654525E}"
EndProject
Project("{9A19103F-16F7-4668-BE54-9A1E7A4F7556}") = "Forum.DynamicQuery", "Forum.DynamicQuery\Forum.DynamicQuery.csproj", "{4045A1EF-A0AF-485B-A169-632B4EB079D7}"
EndProject
Project("{FAE04EC0-301F-11D3-BF4B-00C04F79EFBC}") = "Forum.SignalR", "Forum.SignalR\Forum.SignalR.csproj", "{E3C77BF2-DEA1-40DA-81F4-21EC06100FB0}"
EndProject
Global
	GlobalSection(SolutionConfigurationPlatforms) = preSolution
		Debug|Any CPU = Debug|Any CPU
		Release|Any CPU = Release|Any CPU
	EndGlobalSection
	GlobalSection(ProjectConfigurationPlatforms) = postSolution
		{4299DAD0-0D70-4D81-96B7-2C82328AD9B6}.Debug|Any CPU.ActiveCfg = Debug|Any CPU
		{4299DAD0-0D70-4D81-96B7-2C82328AD9B6}.Debug|Any CPU.Build.0 = Debug|Any CPU
		{4299DAD0-0D70-4D81-96B7-2C82328AD9B6}.Release|Any CPU.ActiveCfg = Release|Any CPU
		{4299DAD0-0D70-4D81-96B7-2C82328AD9B6}.Release|Any CPU.Build.0 = Release|Any CPU
		{045E3C84-BDCC-4366-A97B-0407DC28AE28}.Debug|Any CPU.ActiveCfg = Debug|Any CPU
		{045E3C84-BDCC-4366-A97B-0407DC28AE28}.Debug|Any CPU.Build.0 = Debug|Any CPU
		{045E3C84-BDCC-4366-A97B-0407DC28AE28}.Release|Any CPU.ActiveCfg = Release|Any CPU
		{045E3C84-BDCC-4366-A97B-0407DC28AE28}.Release|Any CPU.Build.0 = Release|Any CPU
		{081F5B3B-6152-406F-ACB5-DD886F90446A}.Debug|Any CPU.ActiveCfg = Debug|Any CPU
		{081F5B3B-6152-406F-ACB5-DD886F90446A}.Debug|Any CPU.Build.0 = Debug|Any CPU
		{081F5B3B-6152-406F-ACB5-DD886F90446A}.Release|Any CPU.ActiveCfg = Release|Any CPU
		{081F5B3B-6152-406F-ACB5-DD886F90446A}.Release|Any CPU.Build.0 = Release|Any CPU
		{2B064E61-4AA2-4D88-9C0E-A5D1D7FC6DE3}.Debug|Any CPU.ActiveCfg = Debug|Any CPU
		{2B064E61-4AA2-4D88-9C0E-A5D1D7FC6DE3}.Debug|Any CPU.Build.0 = Debug|Any CPU
		{2B064E61-4AA2-4D88-9C0E-A5D1D7FC6DE3}.Release|Any CPU.ActiveCfg = Release|Any CPU
		{2B064E61-4AA2-4D88-9C0E-A5D1D7FC6DE3}.Release|Any CPU.Build.0 = Release|Any CPU
		{81835C66-428C-4DC2-A77F-30FDD2DE58A9}.Debug|Any CPU.ActiveCfg = Debug|Any CPU
		{81835C66-428C-4DC2-A77F-30FDD2DE58A9}.Debug|Any CPU.Build.0 = Debug|Any CPU
		{81835C66-428C-4DC2-A77F-30FDD2DE58A9}.Release|Any CPU.ActiveCfg = Release|Any CPU
		{81835C66-428C-4DC2-A77F-30FDD2DE58A9}.Release|Any CPU.Build.0 = Release|Any CPU
		{9850279E-1E55-44DC-9DA3-0DAC36FC7DC6}.Debug|Any CPU.ActiveCfg = Debug|Any CPU
		{9850279E-1E55-44DC-9DA3-0DAC36FC7DC6}.Debug|Any CPU.Build.0 = Debug|Any CPU
		{9850279E-1E55-44DC-9DA3-0DAC36FC7DC6}.Release|Any CPU.ActiveCfg = Release|Any CPU
		{9850279E-1E55-44DC-9DA3-0DAC36FC7DC6}.Release|Any CPU.Build.0 = Release|Any CPU
		{CD3E84DF-8287-405D-A919-F4D82654525E}.Debug|Any CPU.ActiveCfg = Debug|Any CPU
		{CD3E84DF-8287-405D-A919-F4D82654525E}.Debug|Any CPU.Build.0 = Debug|Any CPU
		{CD3E84DF-8287-405D-A919-F4D82654525E}.Release|Any CPU.ActiveCfg = Release|Any CPU
		{CD3E84DF-8287-405D-A919-F4D82654525E}.Release|Any CPU.Build.0 = Release|Any CPU
		{4045A1EF-A0AF-485B-A169-632B4EB079D7}.Debug|Any CPU.ActiveCfg = Debug|Any CPU
		{4045A1EF-A0AF-485B-A169-632B4EB079D7}.Debug|Any CPU.Build.0 = Debug|Any CPU
		{4045A1EF-A0AF-485B-A169-632B4EB079D7}.Release|Any CPU.ActiveCfg = Release|Any CPU
		{4045A1EF-A0AF-485B-A169-632B4EB079D7}.Release|Any CPU.Build.0 = Release|Any CPU
		{E3C77BF2-DEA1-40DA-81F4-21EC06100FB0}.Debug|Any CPU.ActiveCfg = Debug|Any CPU
		{E3C77BF2-DEA1-40DA-81F4-21EC06100FB0}.Debug|Any CPU.Build.0 = Debug|Any CPU
		{E3C77BF2-DEA1-40DA-81F4-21EC06100FB0}.Release|Any CPU.ActiveCfg = Release|Any CPU
		{E3C77BF2-DEA1-40DA-81F4-21EC06100FB0}.Release|Any CPU.Build.0 = Release|Any CPU
	EndGlobalSection
	GlobalSection(SolutionProperties) = preSolution
		HideSolutionNode = FALSE
	EndGlobalSection
	GlobalSection(NestedProjects) = preSolution
		{4299DAD0-0D70-4D81-96B7-2C82328AD9B6} = {33CAA56D-65B5-4385-9B0D-944545789044}
		{045E3C84-BDCC-4366-A97B-0407DC28AE28} = {33CAA56D-65B5-4385-9B0D-944545789044}
		{081F5B3B-6152-406F-ACB5-DD886F90446A} = {33CAA56D-65B5-4385-9B0D-944545789044}
		{2B064E61-4AA2-4D88-9C0E-A5D1D7FC6DE3} = {33CAA56D-65B5-4385-9B0D-944545789044}
		{81835C66-428C-4DC2-A77F-30FDD2DE58A9} = {33CAA56D-65B5-4385-9B0D-944545789044}
		{9850279E-1E55-44DC-9DA3-0DAC36FC7DC6} = {33CAA56D-65B5-4385-9B0D-944545789044}
		{CD3E84DF-8287-405D-A919-F4D82654525E} = {33CAA56D-65B5-4385-9B0D-944545789044}
		{4045A1EF-A0AF-485B-A169-632B4EB079D7} = {33CAA56D-65B5-4385-9B0D-944545789044}
		{E3C77BF2-DEA1-40DA-81F4-21EC06100FB0} = {33CAA56D-65B5-4385-9B0D-944545789044}
	EndGlobalSection
	GlobalSection(ExtensibilityGlobals) = postSolution
		SolutionGuid = {B7FA1FE2-E9B4-4E88-A680-5978DC606AD7}
	EndGlobalSection
EndGlobal
