
Microsoft Visual Studio Solution File, Format Version 12.00
# Visual Studio Version 16
VisualStudioVersion = 16.0.29806.167
MinimumVisualStudioVersion = 10.0.40219.1
Project("{2150E333-8FDC-42A3-9474-1A3956D46DE8}") = "src", "src", "{33CAA56D-65B5-4385-9B0D-944545789044}"
EndProject
Project("{9A19103F-16F7-4668-BE54-9A1E7A4F7556}") = "Forum.Api", "Forum.Api\Forum.Api.csproj", "{4299DAD0-0D70-4D81-96B7-2C82328AD9B6}"
EndProject
Project("{9A19103F-16F7-4668-BE54-9A1E7A4F7556}") = "Forum.Data", "Forum.Data\Forum.Data.csproj", "{045E3C84-BDCC-4366-A97B-0407DC28AE28}"
EndProject
Project("{9A19103F-16F7-4668-BE54-9A1E7A4F7556}") = "Forum.Service", "Forum.Service\Forum.Service.csproj", "{081F5B3B-6152-406F-ACB5-DD886F90446A}"
EndProject
Project("{9A19103F-16F7-4668-BE54-9A1E7A4F7556}") = "Forum.Localization", "Forum.Localization\Forum.Localization.csproj", "{2B064E61-4AA2-4D88-9C0E-A5D1D7FC6DE3}"
EndProject
Project("{9A19103F-16F7-4668-BE54-9A1E7A4F7556}") = "Forum.Models", "Forum.Models\Forum.Models.csproj", "{9850279E-1E55-44DC-9DA3-0DAC36FC7DC6}"
EndProject
Project("{9A19103F-16F7-4668-BE54-9A1E7A4F7556}") = "Forum.Jobs", "Forum.Jobs\Forum.Jobs.csproj", "{FED8C562-73DF-41BC-81AB-E2BDD09A098F}"
EndProject
Project("{2150E333-8FDC-42A3-9474-1A3956D46DE8}") = "Mobile", "Mobile", "{443A9675-2CFB-407D-B380-8EC65714FA7B}"
EndProject
Project("{FAE04EC0-301F-11D3-BF4B-00C04F79EFBC}") = "Forum.Mobile.Android", "Forum.Mobile\Forum.Mobile.Android\Forum.Mobile.Android.csproj", "{C19373B9-C07A-4C8F-86DB-0CC14D445D3C}"
EndProject
Project("{FAE04EC0-301F-11D3-BF4B-00C04F79EFBC}") = "Forum.Mobile.iOS", "Forum.Mobile\Forum.Mobile.iOS\Forum.Mobile.iOS.csproj", "{81ECE829-62A5-49CD-9066-396CCE8E4DE9}"
EndProject
Project("{9A19103F-16F7-4668-BE54-9A1E7A4F7556}") = "Forum.Mobile", "Forum.Mobile\Forum.Mobile\Forum.Mobile.csproj", "{288FB536-F4C1-4AA4-9DA3-E4594470224A}"
EndProject
Project("{2150E333-8FDC-42A3-9474-1A3956D46DE8}") = "IdentityServer4", "IdentityServer4", "{F6E9F617-EE58-4258-AAF5-BE8514A91E32}"
EndProject
Project("{9A19103F-16F7-4668-BE54-9A1E7A4F7556}") = "IdentityServer", "IdentityServer\IdentityServer.csproj", "{BD09A8DC-DCB1-45A4-AEF6-842D07295391}"
EndProject
Project("{9A19103F-16F7-4668-BE54-9A1E7A4F7556}") = "ApiCall", "ApiCall\ApiCall.csproj", "{1A4AA2F2-F099-43EF-B4D4-45670B6B5504}"
EndProject
Project("{9A19103F-16F7-4668-BE54-9A1E7A4F7556}") = "IDS4", "IDS4\IDS4.csproj", "{5B0CF915-8148-458A-A5B2-B6FFDB001F2A}"
EndProject
Project("{2150E333-8FDC-42A3-9474-1A3956D46DE8}") = "Apis", "Apis", "{4678E805-D7D4-461F-809D-BB4704C6FA65}"
EndProject
Project("{2150E333-8FDC-42A3-9474-1A3956D46DE8}") = "Forum", "Forum", "{6CC59C70-B011-460D-9FB9-8279F7BE3210}"
EndProject
Project("{2150E333-8FDC-42A3-9474-1A3956D46DE8}") = "AutoMapper", "AutoMapper", "{9B961D88-3AAF-4E58-81AE-FF0CE41C26DD}"
EndProject
Project("{9A19103F-16F7-4668-BE54-9A1E7A4F7556}") = "Forum.AutoMapper", "Forum.AutoMapper\Forum.AutoMapper.csproj", "{4D702D76-794F-430A-8FDD-E1D0394A6E5A}"
EndProject
Project("{2150E333-8FDC-42A3-9474-1A3956D46DE8}") = "Models", "Models", "{7FA720C2-C241-420F-8A07-145AC056CA66}"
EndProject
Project("{2150E333-8FDC-42A3-9474-1A3956D46DE8}") = "Services", "Services", "{8C934C7F-8947-4188-8CC8-F299BC54FDC9}"
EndProject
Project("{2150E333-8FDC-42A3-9474-1A3956D46DE8}") = "Jobs", "Jobs", "{DE4222F0-5D0F-483F-A2FE-87E8305204AA}"
EndProject
Project("{2150E333-8FDC-42A3-9474-1A3956D46DE8}") = "Forum", "Forum", "{DF7E5C1B-1F97-4576-960D-ADD2AF3F1F25}"
EndProject
Project("{9A19103F-16F7-4668-BE54-9A1E7A4F7556}") = "CommonModels", "CommonModels\CommonModels.csproj", "{6BCA287D-4130-4257-919F-7EEB34E9F864}"
EndProject
Project("{2150E333-8FDC-42A3-9474-1A3956D46DE8}") = "Tests", "Tests", "{309196CE-A558-49A5-B101-3DC14396B572}"
EndProject
Project("{2150E333-8FDC-42A3-9474-1A3956D46DE8}") = "Data", "Data", "{6CE33545-E316-40E6-8B0B-99086E2B4B09}"
EndProject
Global
	GlobalSection(SolutionConfigurationPlatforms) = preSolution
		Debug|Any CPU = Debug|Any CPU
		Debug|iPhone = Debug|iPhone
		Debug|iPhoneSimulator = Debug|iPhoneSimulator
		Release|Any CPU = Release|Any CPU
		Release|iPhone = Release|iPhone
		Release|iPhoneSimulator = Release|iPhoneSimulator
	EndGlobalSection
	GlobalSection(ProjectConfigurationPlatforms) = postSolution
		{4299DAD0-0D70-4D81-96B7-2C82328AD9B6}.Debug|Any CPU.ActiveCfg = Debug|Any CPU
		{4299DAD0-0D70-4D81-96B7-2C82328AD9B6}.Debug|Any CPU.Build.0 = Debug|Any CPU
		{4299DAD0-0D70-4D81-96B7-2C82328AD9B6}.Debug|iPhone.ActiveCfg = Debug|Any CPU
		{4299DAD0-0D70-4D81-96B7-2C82328AD9B6}.Debug|iPhone.Build.0 = Debug|Any CPU
		{4299DAD0-0D70-4D81-96B7-2C82328AD9B6}.Debug|iPhoneSimulator.ActiveCfg = Debug|Any CPU
		{4299DAD0-0D70-4D81-96B7-2C82328AD9B6}.Debug|iPhoneSimulator.Build.0 = Debug|Any CPU
		{4299DAD0-0D70-4D81-96B7-2C82328AD9B6}.Release|Any CPU.ActiveCfg = Release|Any CPU
		{4299DAD0-0D70-4D81-96B7-2C82328AD9B6}.Release|Any CPU.Build.0 = Release|Any CPU
		{4299DAD0-0D70-4D81-96B7-2C82328AD9B6}.Release|iPhone.ActiveCfg = Release|Any CPU
		{4299DAD0-0D70-4D81-96B7-2C82328AD9B6}.Release|iPhone.Build.0 = Release|Any CPU
		{4299DAD0-0D70-4D81-96B7-2C82328AD9B6}.Release|iPhoneSimulator.ActiveCfg = Release|Any CPU
		{4299DAD0-0D70-4D81-96B7-2C82328AD9B6}.Release|iPhoneSimulator.Build.0 = Release|Any CPU
		{045E3C84-BDCC-4366-A97B-0407DC28AE28}.Debug|Any CPU.ActiveCfg = Debug|Any CPU
		{045E3C84-BDCC-4366-A97B-0407DC28AE28}.Debug|Any CPU.Build.0 = Debug|Any CPU
		{045E3C84-BDCC-4366-A97B-0407DC28AE28}.Debug|iPhone.ActiveCfg = Debug|Any CPU
		{045E3C84-BDCC-4366-A97B-0407DC28AE28}.Debug|iPhone.Build.0 = Debug|Any CPU
		{045E3C84-BDCC-4366-A97B-0407DC28AE28}.Debug|iPhoneSimulator.ActiveCfg = Debug|Any CPU
		{045E3C84-BDCC-4366-A97B-0407DC28AE28}.Debug|iPhoneSimulator.Build.0 = Debug|Any CPU
		{045E3C84-BDCC-4366-A97B-0407DC28AE28}.Release|Any CPU.ActiveCfg = Release|Any CPU
		{045E3C84-BDCC-4366-A97B-0407DC28AE28}.Release|Any CPU.Build.0 = Release|Any CPU
		{045E3C84-BDCC-4366-A97B-0407DC28AE28}.Release|iPhone.ActiveCfg = Release|Any CPU
		{045E3C84-BDCC-4366-A97B-0407DC28AE28}.Release|iPhone.Build.0 = Release|Any CPU
		{045E3C84-BDCC-4366-A97B-0407DC28AE28}.Release|iPhoneSimulator.ActiveCfg = Release|Any CPU
		{045E3C84-BDCC-4366-A97B-0407DC28AE28}.Release|iPhoneSimulator.Build.0 = Release|Any CPU
		{081F5B3B-6152-406F-ACB5-DD886F90446A}.Debug|Any CPU.ActiveCfg = Debug|Any CPU
		{081F5B3B-6152-406F-ACB5-DD886F90446A}.Debug|Any CPU.Build.0 = Debug|Any CPU
		{081F5B3B-6152-406F-ACB5-DD886F90446A}.Debug|iPhone.ActiveCfg = Debug|Any CPU
		{081F5B3B-6152-406F-ACB5-DD886F90446A}.Debug|iPhone.Build.0 = Debug|Any CPU
		{081F5B3B-6152-406F-ACB5-DD886F90446A}.Debug|iPhoneSimulator.ActiveCfg = Debug|Any CPU
		{081F5B3B-6152-406F-ACB5-DD886F90446A}.Debug|iPhoneSimulator.Build.0 = Debug|Any CPU
		{081F5B3B-6152-406F-ACB5-DD886F90446A}.Release|Any CPU.ActiveCfg = Release|Any CPU
		{081F5B3B-6152-406F-ACB5-DD886F90446A}.Release|Any CPU.Build.0 = Release|Any CPU
		{081F5B3B-6152-406F-ACB5-DD886F90446A}.Release|iPhone.ActiveCfg = Release|Any CPU
		{081F5B3B-6152-406F-ACB5-DD886F90446A}.Release|iPhone.Build.0 = Release|Any CPU
		{081F5B3B-6152-406F-ACB5-DD886F90446A}.Release|iPhoneSimulator.ActiveCfg = Release|Any CPU
		{081F5B3B-6152-406F-ACB5-DD886F90446A}.Release|iPhoneSimulator.Build.0 = Release|Any CPU
		{2B064E61-4AA2-4D88-9C0E-A5D1D7FC6DE3}.Debug|Any CPU.ActiveCfg = Debug|Any CPU
		{2B064E61-4AA2-4D88-9C0E-A5D1D7FC6DE3}.Debug|Any CPU.Build.0 = Debug|Any CPU
		{2B064E61-4AA2-4D88-9C0E-A5D1D7FC6DE3}.Debug|iPhone.ActiveCfg = Debug|Any CPU
		{2B064E61-4AA2-4D88-9C0E-A5D1D7FC6DE3}.Debug|iPhone.Build.0 = Debug|Any CPU
		{2B064E61-4AA2-4D88-9C0E-A5D1D7FC6DE3}.Debug|iPhoneSimulator.ActiveCfg = Debug|Any CPU
		{2B064E61-4AA2-4D88-9C0E-A5D1D7FC6DE3}.Debug|iPhoneSimulator.Build.0 = Debug|Any CPU
		{2B064E61-4AA2-4D88-9C0E-A5D1D7FC6DE3}.Release|Any CPU.ActiveCfg = Release|Any CPU
		{2B064E61-4AA2-4D88-9C0E-A5D1D7FC6DE3}.Release|Any CPU.Build.0 = Release|Any CPU
		{2B064E61-4AA2-4D88-9C0E-A5D1D7FC6DE3}.Release|iPhone.ActiveCfg = Release|Any CPU
		{2B064E61-4AA2-4D88-9C0E-A5D1D7FC6DE3}.Release|iPhone.Build.0 = Release|Any CPU
		{2B064E61-4AA2-4D88-9C0E-A5D1D7FC6DE3}.Release|iPhoneSimulator.ActiveCfg = Release|Any CPU
		{2B064E61-4AA2-4D88-9C0E-A5D1D7FC6DE3}.Release|iPhoneSimulator.Build.0 = Release|Any CPU
		{9850279E-1E55-44DC-9DA3-0DAC36FC7DC6}.Debug|Any CPU.ActiveCfg = Debug|Any CPU
		{9850279E-1E55-44DC-9DA3-0DAC36FC7DC6}.Debug|Any CPU.Build.0 = Debug|Any CPU
		{9850279E-1E55-44DC-9DA3-0DAC36FC7DC6}.Debug|iPhone.ActiveCfg = Debug|Any CPU
		{9850279E-1E55-44DC-9DA3-0DAC36FC7DC6}.Debug|iPhone.Build.0 = Debug|Any CPU
		{9850279E-1E55-44DC-9DA3-0DAC36FC7DC6}.Debug|iPhoneSimulator.ActiveCfg = Debug|Any CPU
		{9850279E-1E55-44DC-9DA3-0DAC36FC7DC6}.Debug|iPhoneSimulator.Build.0 = Debug|Any CPU
		{9850279E-1E55-44DC-9DA3-0DAC36FC7DC6}.Release|Any CPU.ActiveCfg = Release|Any CPU
		{9850279E-1E55-44DC-9DA3-0DAC36FC7DC6}.Release|Any CPU.Build.0 = Release|Any CPU
		{9850279E-1E55-44DC-9DA3-0DAC36FC7DC6}.Release|iPhone.ActiveCfg = Release|Any CPU
		{9850279E-1E55-44DC-9DA3-0DAC36FC7DC6}.Release|iPhone.Build.0 = Release|Any CPU
		{9850279E-1E55-44DC-9DA3-0DAC36FC7DC6}.Release|iPhoneSimulator.ActiveCfg = Release|Any CPU
		{9850279E-1E55-44DC-9DA3-0DAC36FC7DC6}.Release|iPhoneSimulator.Build.0 = Release|Any CPU
		{FED8C562-73DF-41BC-81AB-E2BDD09A098F}.Debug|Any CPU.ActiveCfg = Debug|Any CPU
		{FED8C562-73DF-41BC-81AB-E2BDD09A098F}.Debug|Any CPU.Build.0 = Debug|Any CPU
		{FED8C562-73DF-41BC-81AB-E2BDD09A098F}.Debug|iPhone.ActiveCfg = Debug|Any CPU
		{FED8C562-73DF-41BC-81AB-E2BDD09A098F}.Debug|iPhone.Build.0 = Debug|Any CPU
		{FED8C562-73DF-41BC-81AB-E2BDD09A098F}.Debug|iPhoneSimulator.ActiveCfg = Debug|Any CPU
		{FED8C562-73DF-41BC-81AB-E2BDD09A098F}.Debug|iPhoneSimulator.Build.0 = Debug|Any CPU
		{FED8C562-73DF-41BC-81AB-E2BDD09A098F}.Release|Any CPU.ActiveCfg = Release|Any CPU
		{FED8C562-73DF-41BC-81AB-E2BDD09A098F}.Release|Any CPU.Build.0 = Release|Any CPU
		{FED8C562-73DF-41BC-81AB-E2BDD09A098F}.Release|iPhone.ActiveCfg = Release|Any CPU
		{FED8C562-73DF-41BC-81AB-E2BDD09A098F}.Release|iPhone.Build.0 = Release|Any CPU
		{FED8C562-73DF-41BC-81AB-E2BDD09A098F}.Release|iPhoneSimulator.ActiveCfg = Release|Any CPU
		{FED8C562-73DF-41BC-81AB-E2BDD09A098F}.Release|iPhoneSimulator.Build.0 = Release|Any CPU
		{C19373B9-C07A-4C8F-86DB-0CC14D445D3C}.Debug|Any CPU.ActiveCfg = Debug|Any CPU
		{C19373B9-C07A-4C8F-86DB-0CC14D445D3C}.Debug|Any CPU.Build.0 = Debug|Any CPU
		{C19373B9-C07A-4C8F-86DB-0CC14D445D3C}.Debug|Any CPU.Deploy.0 = Debug|Any CPU
		{C19373B9-C07A-4C8F-86DB-0CC14D445D3C}.Debug|iPhone.ActiveCfg = Debug|Any CPU
		{C19373B9-C07A-4C8F-86DB-0CC14D445D3C}.Debug|iPhone.Build.0 = Debug|Any CPU
		{C19373B9-C07A-4C8F-86DB-0CC14D445D3C}.Debug|iPhone.Deploy.0 = Debug|Any CPU
		{C19373B9-C07A-4C8F-86DB-0CC14D445D3C}.Debug|iPhoneSimulator.ActiveCfg = Debug|Any CPU
		{C19373B9-C07A-4C8F-86DB-0CC14D445D3C}.Debug|iPhoneSimulator.Build.0 = Debug|Any CPU
		{C19373B9-C07A-4C8F-86DB-0CC14D445D3C}.Debug|iPhoneSimulator.Deploy.0 = Debug|Any CPU
		{C19373B9-C07A-4C8F-86DB-0CC14D445D3C}.Release|Any CPU.ActiveCfg = Release|Any CPU
		{C19373B9-C07A-4C8F-86DB-0CC14D445D3C}.Release|Any CPU.Build.0 = Release|Any CPU
		{C19373B9-C07A-4C8F-86DB-0CC14D445D3C}.Release|Any CPU.Deploy.0 = Release|Any CPU
		{C19373B9-C07A-4C8F-86DB-0CC14D445D3C}.Release|iPhone.ActiveCfg = Release|Any CPU
		{C19373B9-C07A-4C8F-86DB-0CC14D445D3C}.Release|iPhone.Build.0 = Release|Any CPU
		{C19373B9-C07A-4C8F-86DB-0CC14D445D3C}.Release|iPhone.Deploy.0 = Release|Any CPU
		{C19373B9-C07A-4C8F-86DB-0CC14D445D3C}.Release|iPhoneSimulator.ActiveCfg = Release|Any CPU
		{C19373B9-C07A-4C8F-86DB-0CC14D445D3C}.Release|iPhoneSimulator.Build.0 = Release|Any CPU
		{C19373B9-C07A-4C8F-86DB-0CC14D445D3C}.Release|iPhoneSimulator.Deploy.0 = Release|Any CPU
		{81ECE829-62A5-49CD-9066-396CCE8E4DE9}.Debug|Any CPU.ActiveCfg = Debug|iPhone
		{81ECE829-62A5-49CD-9066-396CCE8E4DE9}.Debug|iPhone.ActiveCfg = Debug|iPhone
		{81ECE829-62A5-49CD-9066-396CCE8E4DE9}.Debug|iPhone.Build.0 = Debug|iPhone
		{81ECE829-62A5-49CD-9066-396CCE8E4DE9}.Debug|iPhoneSimulator.ActiveCfg = Debug|iPhoneSimulator
		{81ECE829-62A5-49CD-9066-396CCE8E4DE9}.Debug|iPhoneSimulator.Build.0 = Debug|iPhoneSimulator
		{81ECE829-62A5-49CD-9066-396CCE8E4DE9}.Release|Any CPU.ActiveCfg = Release|iPhone
		{81ECE829-62A5-49CD-9066-396CCE8E4DE9}.Release|iPhone.ActiveCfg = Release|iPhone
		{81ECE829-62A5-49CD-9066-396CCE8E4DE9}.Release|iPhone.Build.0 = Release|iPhone
		{81ECE829-62A5-49CD-9066-396CCE8E4DE9}.Release|iPhoneSimulator.ActiveCfg = Release|iPhoneSimulator
		{81ECE829-62A5-49CD-9066-396CCE8E4DE9}.Release|iPhoneSimulator.Build.0 = Release|iPhoneSimulator
		{288FB536-F4C1-4AA4-9DA3-E4594470224A}.Debug|Any CPU.ActiveCfg = Debug|Any CPU
		{288FB536-F4C1-4AA4-9DA3-E4594470224A}.Debug|Any CPU.Build.0 = Debug|Any CPU
		{288FB536-F4C1-4AA4-9DA3-E4594470224A}.Debug|iPhone.ActiveCfg = Debug|Any CPU
		{288FB536-F4C1-4AA4-9DA3-E4594470224A}.Debug|iPhone.Build.0 = Debug|Any CPU
		{288FB536-F4C1-4AA4-9DA3-E4594470224A}.Debug|iPhoneSimulator.ActiveCfg = Debug|Any CPU
		{288FB536-F4C1-4AA4-9DA3-E4594470224A}.Debug|iPhoneSimulator.Build.0 = Debug|Any CPU
		{288FB536-F4C1-4AA4-9DA3-E4594470224A}.Release|Any CPU.ActiveCfg = Release|Any CPU
		{288FB536-F4C1-4AA4-9DA3-E4594470224A}.Release|Any CPU.Build.0 = Release|Any CPU
		{288FB536-F4C1-4AA4-9DA3-E4594470224A}.Release|iPhone.ActiveCfg = Release|Any CPU
		{288FB536-F4C1-4AA4-9DA3-E4594470224A}.Release|iPhone.Build.0 = Release|Any CPU
		{288FB536-F4C1-4AA4-9DA3-E4594470224A}.Release|iPhoneSimulator.ActiveCfg = Release|Any CPU
		{288FB536-F4C1-4AA4-9DA3-E4594470224A}.Release|iPhoneSimulator.Build.0 = Release|Any CPU
		{BD09A8DC-DCB1-45A4-AEF6-842D07295391}.Debug|Any CPU.ActiveCfg = Debug|Any CPU
		{BD09A8DC-DCB1-45A4-AEF6-842D07295391}.Debug|Any CPU.Build.0 = Debug|Any CPU
		{BD09A8DC-DCB1-45A4-AEF6-842D07295391}.Debug|iPhone.ActiveCfg = Debug|Any CPU
		{BD09A8DC-DCB1-45A4-AEF6-842D07295391}.Debug|iPhone.Build.0 = Debug|Any CPU
		{BD09A8DC-DCB1-45A4-AEF6-842D07295391}.Debug|iPhoneSimulator.ActiveCfg = Debug|Any CPU
		{BD09A8DC-DCB1-45A4-AEF6-842D07295391}.Debug|iPhoneSimulator.Build.0 = Debug|Any CPU
		{BD09A8DC-DCB1-45A4-AEF6-842D07295391}.Release|Any CPU.ActiveCfg = Release|Any CPU
		{BD09A8DC-DCB1-45A4-AEF6-842D07295391}.Release|Any CPU.Build.0 = Release|Any CPU
		{BD09A8DC-DCB1-45A4-AEF6-842D07295391}.Release|iPhone.ActiveCfg = Release|Any CPU
		{BD09A8DC-DCB1-45A4-AEF6-842D07295391}.Release|iPhone.Build.0 = Release|Any CPU
		{BD09A8DC-DCB1-45A4-AEF6-842D07295391}.Release|iPhoneSimulator.ActiveCfg = Release|Any CPU
		{BD09A8DC-DCB1-45A4-AEF6-842D07295391}.Release|iPhoneSimulator.Build.0 = Release|Any CPU
		{1A4AA2F2-F099-43EF-B4D4-45670B6B5504}.Debug|Any CPU.ActiveCfg = Debug|Any CPU
		{1A4AA2F2-F099-43EF-B4D4-45670B6B5504}.Debug|Any CPU.Build.0 = Debug|Any CPU
		{1A4AA2F2-F099-43EF-B4D4-45670B6B5504}.Debug|iPhone.ActiveCfg = Debug|Any CPU
		{1A4AA2F2-F099-43EF-B4D4-45670B6B5504}.Debug|iPhone.Build.0 = Debug|Any CPU
		{1A4AA2F2-F099-43EF-B4D4-45670B6B5504}.Debug|iPhoneSimulator.ActiveCfg = Debug|Any CPU
		{1A4AA2F2-F099-43EF-B4D4-45670B6B5504}.Debug|iPhoneSimulator.Build.0 = Debug|Any CPU
		{1A4AA2F2-F099-43EF-B4D4-45670B6B5504}.Release|Any CPU.ActiveCfg = Release|Any CPU
		{1A4AA2F2-F099-43EF-B4D4-45670B6B5504}.Release|Any CPU.Build.0 = Release|Any CPU
		{1A4AA2F2-F099-43EF-B4D4-45670B6B5504}.Release|iPhone.ActiveCfg = Release|Any CPU
		{1A4AA2F2-F099-43EF-B4D4-45670B6B5504}.Release|iPhone.Build.0 = Release|Any CPU
		{1A4AA2F2-F099-43EF-B4D4-45670B6B5504}.Release|iPhoneSimulator.ActiveCfg = Release|Any CPU
		{1A4AA2F2-F099-43EF-B4D4-45670B6B5504}.Release|iPhoneSimulator.Build.0 = Release|Any CPU
		{5B0CF915-8148-458A-A5B2-B6FFDB001F2A}.Debug|Any CPU.ActiveCfg = Debug|Any CPU
		{5B0CF915-8148-458A-A5B2-B6FFDB001F2A}.Debug|Any CPU.Build.0 = Debug|Any CPU
		{5B0CF915-8148-458A-A5B2-B6FFDB001F2A}.Debug|iPhone.ActiveCfg = Debug|Any CPU
		{5B0CF915-8148-458A-A5B2-B6FFDB001F2A}.Debug|iPhone.Build.0 = Debug|Any CPU
		{5B0CF915-8148-458A-A5B2-B6FFDB001F2A}.Debug|iPhoneSimulator.ActiveCfg = Debug|Any CPU
		{5B0CF915-8148-458A-A5B2-B6FFDB001F2A}.Debug|iPhoneSimulator.Build.0 = Debug|Any CPU
		{5B0CF915-8148-458A-A5B2-B6FFDB001F2A}.Release|Any CPU.ActiveCfg = Release|Any CPU
		{5B0CF915-8148-458A-A5B2-B6FFDB001F2A}.Release|Any CPU.Build.0 = Release|Any CPU
		{5B0CF915-8148-458A-A5B2-B6FFDB001F2A}.Release|iPhone.ActiveCfg = Release|Any CPU
		{5B0CF915-8148-458A-A5B2-B6FFDB001F2A}.Release|iPhone.Build.0 = Release|Any CPU
		{5B0CF915-8148-458A-A5B2-B6FFDB001F2A}.Release|iPhoneSimulator.ActiveCfg = Release|Any CPU
		{5B0CF915-8148-458A-A5B2-B6FFDB001F2A}.Release|iPhoneSimulator.Build.0 = Release|Any CPU
		{4D702D76-794F-430A-8FDD-E1D0394A6E5A}.Debug|Any CPU.ActiveCfg = Debug|Any CPU
		{4D702D76-794F-430A-8FDD-E1D0394A6E5A}.Debug|Any CPU.Build.0 = Debug|Any CPU
		{4D702D76-794F-430A-8FDD-E1D0394A6E5A}.Debug|iPhone.ActiveCfg = Debug|Any CPU
		{4D702D76-794F-430A-8FDD-E1D0394A6E5A}.Debug|iPhone.Build.0 = Debug|Any CPU
		{4D702D76-794F-430A-8FDD-E1D0394A6E5A}.Debug|iPhoneSimulator.ActiveCfg = Debug|Any CPU
		{4D702D76-794F-430A-8FDD-E1D0394A6E5A}.Debug|iPhoneSimulator.Build.0 = Debug|Any CPU
		{4D702D76-794F-430A-8FDD-E1D0394A6E5A}.Release|Any CPU.ActiveCfg = Release|Any CPU
		{4D702D76-794F-430A-8FDD-E1D0394A6E5A}.Release|Any CPU.Build.0 = Release|Any CPU
		{4D702D76-794F-430A-8FDD-E1D0394A6E5A}.Release|iPhone.ActiveCfg = Release|Any CPU
		{4D702D76-794F-430A-8FDD-E1D0394A6E5A}.Release|iPhone.Build.0 = Release|Any CPU
		{4D702D76-794F-430A-8FDD-E1D0394A6E5A}.Release|iPhoneSimulator.ActiveCfg = Release|Any CPU
		{4D702D76-794F-430A-8FDD-E1D0394A6E5A}.Release|iPhoneSimulator.Build.0 = Release|Any CPU
		{6BCA287D-4130-4257-919F-7EEB34E9F864}.Debug|Any CPU.ActiveCfg = Debug|Any CPU
		{6BCA287D-4130-4257-919F-7EEB34E9F864}.Debug|Any CPU.Build.0 = Debug|Any CPU
		{6BCA287D-4130-4257-919F-7EEB34E9F864}.Debug|iPhone.ActiveCfg = Debug|Any CPU
		{6BCA287D-4130-4257-919F-7EEB34E9F864}.Debug|iPhone.Build.0 = Debug|Any CPU
		{6BCA287D-4130-4257-919F-7EEB34E9F864}.Debug|iPhoneSimulator.ActiveCfg = Debug|Any CPU
		{6BCA287D-4130-4257-919F-7EEB34E9F864}.Debug|iPhoneSimulator.Build.0 = Debug|Any CPU
		{6BCA287D-4130-4257-919F-7EEB34E9F864}.Release|Any CPU.ActiveCfg = Release|Any CPU
		{6BCA287D-4130-4257-919F-7EEB34E9F864}.Release|Any CPU.Build.0 = Release|Any CPU
		{6BCA287D-4130-4257-919F-7EEB34E9F864}.Release|iPhone.ActiveCfg = Release|Any CPU
		{6BCA287D-4130-4257-919F-7EEB34E9F864}.Release|iPhone.Build.0 = Release|Any CPU
		{6BCA287D-4130-4257-919F-7EEB34E9F864}.Release|iPhoneSimulator.ActiveCfg = Release|Any CPU
		{6BCA287D-4130-4257-919F-7EEB34E9F864}.Release|iPhoneSimulator.Build.0 = Release|Any CPU
	EndGlobalSection
	GlobalSection(SolutionProperties) = preSolution
		HideSolutionNode = FALSE
	EndGlobalSection
	GlobalSection(NestedProjects) = preSolution
		{4299DAD0-0D70-4D81-96B7-2C82328AD9B6} = {6CC59C70-B011-460D-9FB9-8279F7BE3210}
		{045E3C84-BDCC-4366-A97B-0407DC28AE28} = {6CE33545-E316-40E6-8B0B-99086E2B4B09}
		{081F5B3B-6152-406F-ACB5-DD886F90446A} = {8C934C7F-8947-4188-8CC8-F299BC54FDC9}
		{2B064E61-4AA2-4D88-9C0E-A5D1D7FC6DE3} = {33CAA56D-65B5-4385-9B0D-944545789044}
		{9850279E-1E55-44DC-9DA3-0DAC36FC7DC6} = {7FA720C2-C241-420F-8A07-145AC056CA66}
		{FED8C562-73DF-41BC-81AB-E2BDD09A098F} = {DE4222F0-5D0F-483F-A2FE-87E8305204AA}
		{443A9675-2CFB-407D-B380-8EC65714FA7B} = {33CAA56D-65B5-4385-9B0D-944545789044}
		{C19373B9-C07A-4C8F-86DB-0CC14D445D3C} = {DF7E5C1B-1F97-4576-960D-ADD2AF3F1F25}
		{81ECE829-62A5-49CD-9066-396CCE8E4DE9} = {DF7E5C1B-1F97-4576-960D-ADD2AF3F1F25}
		{288FB536-F4C1-4AA4-9DA3-E4594470224A} = {DF7E5C1B-1F97-4576-960D-ADD2AF3F1F25}
		{F6E9F617-EE58-4258-AAF5-BE8514A91E32} = {33CAA56D-65B5-4385-9B0D-944545789044}
		{BD09A8DC-DCB1-45A4-AEF6-842D07295391} = {F6E9F617-EE58-4258-AAF5-BE8514A91E32}
		{1A4AA2F2-F099-43EF-B4D4-45670B6B5504} = {33CAA56D-65B5-4385-9B0D-944545789044}
		{5B0CF915-8148-458A-A5B2-B6FFDB001F2A} = {F6E9F617-EE58-4258-AAF5-BE8514A91E32}
		{4678E805-D7D4-461F-809D-BB4704C6FA65} = {33CAA56D-65B5-4385-9B0D-944545789044}
		{6CC59C70-B011-460D-9FB9-8279F7BE3210} = {4678E805-D7D4-461F-809D-BB4704C6FA65}
		{9B961D88-3AAF-4E58-81AE-FF0CE41C26DD} = {33CAA56D-65B5-4385-9B0D-944545789044}
		{4D702D76-794F-430A-8FDD-E1D0394A6E5A} = {9B961D88-3AAF-4E58-81AE-FF0CE41C26DD}
		{7FA720C2-C241-420F-8A07-145AC056CA66} = {33CAA56D-65B5-4385-9B0D-944545789044}
		{8C934C7F-8947-4188-8CC8-F299BC54FDC9} = {33CAA56D-65B5-4385-9B0D-944545789044}
		{DE4222F0-5D0F-483F-A2FE-87E8305204AA} = {33CAA56D-65B5-4385-9B0D-944545789044}
		{DF7E5C1B-1F97-4576-960D-ADD2AF3F1F25} = {443A9675-2CFB-407D-B380-8EC65714FA7B}
		{6BCA287D-4130-4257-919F-7EEB34E9F864} = {7FA720C2-C241-420F-8A07-145AC056CA66}
		{309196CE-A558-49A5-B101-3DC14396B572} = {33CAA56D-65B5-4385-9B0D-944545789044}
		{6CE33545-E316-40E6-8B0B-99086E2B4B09} = {33CAA56D-65B5-4385-9B0D-944545789044}
	EndGlobalSection
	GlobalSection(ExtensibilityGlobals) = postSolution
		SolutionGuid = {B7FA1FE2-E9B4-4E88-A680-5978DC606AD7}
	EndGlobalSection
EndGlobal
